{
  "requires": true,
  "lockfileVersion": 1,
  "dependencies": {
    "titbit": {
      "version": "6.1.7",
      "resolved": "https://registry.npmjs.org/titbit/-/titbit-6.1.7.tgz",
      "integrity": "sha512-Y0hMsRc98yhpMnSuGqXtT0mHDnXu72oS17bEiwoC8xHahHS0HnoWWc/hg8doxCeOrv3TWjrFc3Y+c/we+Cuedg=="
    },
    "titbit-loader": {
      "version": "2.1.3",
      "resolved": "https://registry.npmjs.org/titbit-loader/-/titbit-loader-2.1.3.tgz",
      "integrity": "sha512-HysCEHjbcjHjHegxpDIeUoT27uJJ2R+aQopwcFBWGVwgya8hf4crlj2pP922kpIsZm5bOex2uJaEz2+cZCh9KA=="
    }
  }
}
